
Microsoft Visual Studio Solution File, Format Version 12.00
# Visual Studio Version 17
VisualStudioVersion = 17.12.35514.174 d17.12
MinimumVisualStudioVersion = 10.0.40219.1
Project("{FAE04EC0-301F-11D3-BF4B-00C04F79EFBC}") = "LoanManagementSystem", "WebApplication1\LoanManagementSystem.csproj", "{CFC3F007-8F19-4D89-9603-FED12821203A}"
EndProject
Global
	GlobalSection(SolutionConfigurationPlatforms) = preSolution
		Debug|Any CPU = Debug|Any CPU
		Release|Any CPU = Release|Any CPU
	EndGlobalSection
	GlobalSection(ProjectConfigurationPlatforms) = postSolution
		{CFC3F007-8F19-4D89-9603-FED12821203A}.Debug|Any CPU.ActiveCfg = Debug|Any CPU
		{CFC3F007-8F19-4D89-9603-FED12821203A}.Debug|Any CPU.Build.0 = Debug|Any CPU
		{CFC3F007-8F19-4D89-9603-FED12821203A}.Release|Any CPU.ActiveCfg = Release|Any CPU
		{CFC3F007-8F19-4D89-9603-FED12821203A}.Release|Any CPU.Build.0 = Release|Any CPU
	EndGlobalSection
	GlobalSection(SolutionProperties) = preSolution
		HideSolutionNode = FALSE
	EndGlobalSection
EndGlobal
